PATH
  remote: .
  specs:
    dolly (3.1.5)
      curb (~> 1.0)
      oj

GEM
  remote: https://rubygems.org/
  specs:
    addressable (2.8.7)
      public_suffix (>= 2.0.2, < 7.0)
    bigdecimal (3.1.9)
    crack (1.0.0)
      bigdecimal
      rexml
    curb (1.0.9)
    hashdiff (1.1.2)
    mocha (2.7.1)
      ruby2_keywords (>= 0.0.5)
    oj (3.16.9)
      bigdecimal (>= 3.0)
      ostruct (>= 0.2)
    ostruct (0.6.1)
    power_assert (2.0.5)
    public_suffix (5.1.1)
    rake (13.2.1)
    rexml (3.4.1)
    rr (3.1.1)
    ruby2_keywords (0.0.5)
    test-unit (3.6.7)
      power_assert
    test-unit-context (0.5.1)
      test-unit (>= 2.4.0)
    test-unit-full (0.0.5)
      test-unit
      test-unit-context
      test-unit-notify
      test-unit-rr
      test-unit-runner-tap
    test-unit-notify (1.0.4)
      test-unit (>= 2.4.9)
    test-unit-rr (1.0.5)
      rr (>= 1.1.1)
      test-unit (>= 2.5.2)
    test-unit-runner-tap (1.1.2)
      test-unit
    webmock (3.25.0)
      addressable (>= 2.8.0)
      crack (>= 0.3.2)
      hashdiff (>= 0.4.0, < 2.0.0)

PLATFORMS
  arm64-darwin-22
  ruby

DEPENDENCIES
  bundler (~> 2.0)
  dolly!
  mocha
  rake (~> 13.0)
  rexml
  test-unit-full
  webmock

BUNDLED WITH
   2.3.22
